// !$*UTF8*$!
{
	archiveVersion = 1;
	classes = {
	};
	objectVersion = 46;
	objects = {

/* Begin PBXBuildFile section */
		F61D2BDA1EBC95850008400D /* AppDelegate.swift in Sources */ = {isa = PBXBuildFile; fileRef = F61D2BD91EBC95850008400D /* AppDelegate.swift */; };
		F61D2BDC1EBC95850008400D /* ViewController.swift in Sources */ = {isa = PBXBuildFile; fileRef = F61D2BDB1EBC95850008400D /* ViewController.swift */; };
		F61D2BDF1EBC95860008400D /* Main.storyboard in Resources */ = {isa = PBXBuildFile; fileRef = F61D2BDD1EBC95860008400D /* Main.storyboard */; };
		F61D2BE11EBC95860008400D /* Assets.xcassets in Resources */ = {isa = PBXBuildFile; fileRef = F61D2BE01EBC95860008400D /* Assets.xcassets */; };
		F61D2BE41EBC95860008400D /* LaunchScreen.storyboard in Resources */ = {isa = PBXBuildFile; fileRef = F61D2BE21EBC95860008400D /* LaunchScreen.storyboard */; };
		F61D2BEF1EBC95860008400D /* DismissKeyboardTests.swift in Sources */ = {isa = PBXBuildFile; fileRef = F61D2BEE1EBC95860008400D /* DismissKeyboardTests.swift */; };
		F61D2BFA1EBC95860008400D /* DismissKeyboardUITests.swift in Sources */ = {isa = PBXBuildFile; fileRef = F61D2BF91EBC95860008400D /* DismissKeyboardUITests.swift */; };
/* End PBXBuildFile section */

/* Begin PBXContainerItemProxy section */
		F61D2BEB1EBC95860008400D /* PBXContainerItemProxy */ = {
			isa = PBXContainerItemProxy;
			containerPortal = F61D2BCE1EBC95850008400D /* Project object */;
			proxyType = 1;
			remoteGlobalIDString = F61D2BD51EBC95850008400D;
			remoteInfo = DismissKeyboard;
		};
		F61D2BF61EBC95860008400D /* PBXContainerItemProxy */ = {
			isa = PBXContainerItemProxy;
			containerPortal = F61D2BCE1EBC95850008400D /* Project object */;
			proxyType = 1;
			remoteGlobalIDString = F61D2BD51EBC95850008400D;
			remoteInfo = DismissKeyboard;
		};
/* End PBXContainerItemProxy section */

/* Begin PBXFileReference section */
		F61D2BD61EBC95850008400D /* DismissKeyboard.app */ = {isa = PBXFileReference; explicitFileType = wrapper.application; includeInIndex = 0; path = DismissKeyboard.app; sourceTree = BUILT_PRODUCTS_DIR; };
		F61D2BD91EBC95850008400D /* AppDelegate.swift */ = {isa = PBXFileReference; lastKnownFileType = sourcecode.swift; path = AppDelegate.swift; sourceTree = "<group>"; };
		F61D2BDB1EBC95850008400D /* ViewController.swift */ = {isa = PBXFileReference; lastKnownFileType = sourcecode.swift; path = ViewController.swift; sourceTree = "<group>"; };
		F61D2BDE1EBC95860008400D /* Base */ = {isa = PBXFileReference; lastKnownFileType = file.storyboard; name = Base; path = Base.lproj/Main.storyboard; sourceTree = "<group>"; };
		F61D2BE01EBC95860008400D /* Assets.xcassets */ = {isa = PBXFileReference; lastKnownFileType = folder.assetcatalog; path = Assets.xcassets; sourceTree = "<group>"; };
		F61D2BE31EBC95860008400D /* Base */ = {isa = PBXFileReference; lastKnownFileType = file.storyboard; name = Base; path = Base.lproj/LaunchScreen.storyboard; sourceTree = "<group>"; };
		F61D2BE51EBC95860008400D /* Info.plist */ = {isa = PBXFileReference; lastKnownFileType = text.plist.xml; path = Info.plist; sourceTree = "<group>"; };
		F61D2BEA1EBC95860008400D /* DismissKeyboardTests.xctest */ = {isa = PBXFileReference; explicitFileType = wrapper.cfbundle; includeInIndex = 0; path = DismissKeyboardTests.xctest; sourceTree = BUILT_PRODUCTS_DIR; };
		F61D2BEE1EBC95860008400D /* DismissKeyboardTests.swift */ = {isa = PBXFileReference; lastKnownFileType = sourcecode.swift; path = DismissKeyboardTests.swift; sourceTree = "<group>"; };
		F61D2BF01EBC95860008400D /* Info.plist */ = {isa = PBXFileReference; lastKnownFileType = text.plist.xml; path = Info.plist; sourceTree = "<group>"; };
		F61D2BF51EBC95860008400D /* DismissKeyboardUITests.xctest */ = {isa = PBXFileReference; explicitFileType = wrapper.cfbundle; includeInIndex = 0; path = DismissKeyboardUITests.xctest; sourceTree = BUILT_PRODUCTS_DIR; };
		F61D2BF91EBC95860008400D /* DismissKeyboardUITests.swift */ = {isa = PBXFileReference; lastKnownFileType = sourcecode.swift; path = DismissKeyboardUITests.swift; sourceTree = "<group>"; };
		F61D2BFB1EBC95860008400D /* Info.plist */ = {isa = PBXFileReference; lastKnownFileType = text.plist.xml; path = Info.plist; sourceTree = "<group>"; };
/* End PBXFileReference section */

/* Begin PBXFrameworksBuildPhase section */
		F61D2BD31EBC95850008400D /* Frameworks */ = {
			isa = PBXFrameworksBuildPhase;
			buildActionMask = 2147483647;
			files = (
			);
			runOnlyForDeploymentPostprocessing = 0;
		};
		F61D2BE71EBC95860008400D /* Frameworks */ = {
			isa = PBXFrameworksBuildPhase;
			buildActionMask = 2147483647;
			files = (
			);
			runOnlyForDeploymentPostprocessing = 0;
		};
		F61D2BF21EBC95860008400D /* Frameworks */ = {
			isa = PBXFrameworksBuildPhase;
			buildActionMask = 2147483647;
			files = (
			);
			runOnlyForDeploymentPostprocessing = 0;
		};
/* End PBXFrameworksBuildPhase section */

/* Begin PBXGroup section */
		F61D2BCD1EBC95840008400D = {
			isa = PBXGroup;
			children = (
				F61D2BD81EBC95850008400D /* DismissKeyboard */,
				F61D2BED1EBC95860008400D /* DismissKeyboardTests */,
				F61D2BF81EBC95860008400D /* DismissKeyboardUITests */,
				F61D2BD71EBC95850008400D /* Products */,
			);
			sourceTree = "<group>";
		};
		F61D2BD71EBC95850008400D /* Products */ = {
			isa = PBXGroup;
			children = (
				F61D2BD61EBC95850008400D /* DismissKeyboard.app */,
				F61D2BEA1EBC95860008400D /* DismissKeyboardTests.xctest */,
				F61D2BF51EBC95860008400D /* DismissKeyboardUITests.xctest */,
			);
			name = Products;
			sourceTree = "<group>";
		};
		F61D2BD81EBC95850008400D /* DismissKeyboard */ = {
			isa = PBXGroup;
			children = (
				F61D2BD91EBC95850008400D /* AppDelegate.swift */,
				F61D2BDB1EBC95850008400D /* ViewController.swift */,
				F61D2BDD1EBC95860008400D /* Main.storyboard */,
				F61D2BE01EBC95860008400D /* Assets.xcassets */,
				F61D2BE21EBC95860008400D /* LaunchScreen.storyboard */,
				F61D2BE51EBC95860008400D /* Info.plist */,
			);
			path = DismissKeyboard;
			sourceTree = "<group>";
		};
		F61D2BED1EBC95860008400D /* DismissKeyboardTests */ = {
			isa = PBXGroup;
			children = (
				F61D2BEE1EBC95860008400D /* DismissKeyboardTests.swift */,
				F61D2BF01EBC95860008400D /* Info.plist */,
			);
			path = DismissKeyboardTests;
			sourceTree = "<group>";
		};
		F61D2BF81EBC95860008400D /* DismissKeyboardUITests */ = {
			isa = PBXGroup;
			children = (
				F61D2BF91EBC95860008400D /* DismissKeyboardUITests.swift */,
				F61D2BFB1EBC95860008400D /* Info.plist */,
			);
			path = DismissKeyboardUITests;
			sourceTree = "<group>";
		};
/* End PBXGroup section */

/* Begin PBXNativeTarget section */
		F61D2BD51EBC95850008400D /* DismissKeyboard */ = {
			isa = PBXNativeTarget;
			buildConfigurationList = F61D2BFE1EBC95860008400D /* Build configuration list for PBXNativeTarget "DismissKeyboard" */;
			buildPhases = (
				F61D2BD21EBC95850008400D /* Sources */,
				F61D2BD31EBC95850008400D /* Frameworks */,
				F61D2BD41EBC95850008400D /* Resources */,
			);
			buildRules = (
			);
			dependencies = (
			);
			name = DismissKeyboard;
			productName = DismissKeyboard;
			productReference = F61D2BD61EBC95850008400D /* DismissKeyboard.app */;
			productType = "com.apple.product-type.application";
		};
		F61D2BE91EBC95860008400D /* DismissKeyboardTests */ = {
			isa = PBXNativeTarget;
			buildConfigurationList = F61D2C011EBC95860008400D /* Build configuration list for PBXNativeTarget "DismissKeyboardTests" */;
			buildPhases = (
				F61D2BE61EBC95860008400D /* Sources */,
				F61D2BE71EBC95860008400D /* Frameworks */,
				F61D2BE81EBC95860008400D /* Resources */,
			);
			buildRules = (
			);
			dependencies = (
				F61D2BEC1EBC95860008400D /* PBXTargetDependency */,
			);
			name = DismissKeyboardTests;
			productName = DismissKeyboardTests;
			productReference = F61D2BEA1EBC95860008400D /* DismissKeyboardTests.xctest */;
			productType = "com.apple.product-type.bundle.unit-test";
		};
		F61D2BF41EBC95860008400D /* DismissKeyboardUITests */ = {
			isa = PBXNativeTarget;
			buildConfigurationList = F61D2C041EBC95860008400D /* Build configuration list for PBXNativeTarget "DismissKeyboardUITests" */;
			buildPhases = (
				F61D2BF11EBC95860008400D /* Sources */,
				F61D2BF21EBC95860008400D /* Frameworks */,
				F61D2BF31EBC95860008400D /* Resources */,
			);
			buildRules = (
			);
			dependencies = (
				F61D2BF71EBC95860008400D /* PBXTargetDependency */,
			);
			name = DismissKeyboardUITests;
			productName = DismissKeyboardUITests;
			productReference = F61D2BF51EBC95860008400D /* DismissKeyboardUITests.xctest */;
			productType = "com.apple.product-type.bundle.ui-testing";
		};
/* End PBXNativeTarget section */

/* Begin PBXProject section */
		F61D2BCE1EBC95850008400D /* Project object */ = {
			isa = PBXProject;
			attributes = {
				LastSwiftUpdateCheck = 0830;
				LastUpgradeCheck = 0830;
				ORGANIZATIONNAME = Huy;
				TargetAttributes = {
					F61D2BD51EBC95850008400D = {
						CreatedOnToolsVersion = 8.3.2;
						ProvisioningStyle = Automatic;
					};
					F61D2BE91EBC95860008400D = {
						CreatedOnToolsVersion = 8.3.2;
						ProvisioningStyle = Automatic;
						TestTargetID = F61D2BD51EBC95850008400D;
					};
					F61D2BF41EBC95860008400D = {
						CreatedOnToolsVersion = 8.3.2;
						ProvisioningStyle = Automatic;
						TestTargetID = F61D2BD51EBC95850008400D;
					};
				};
			};
			buildConfigurationList = F61D2BD11EBC95850008400D /* Build configuration list for PBXProject "DismissKeyboard" */;
			compatibilityVersion = "Xcode 3.2";
			developmentRegion = English;
			hasScannedForEncodings = 0;
			knownRegions = (
				en,
				Base,
			);
			mainGroup = F61D2BCD1EBC95840008400D;
			productRefGroup = F61D2BD71EBC95850008400D /* Products */;
			projectDirPath = "";
			projectRoot = "";
			targets = (
				F61D2BD51EBC95850008400D /* DismissKeyboard */,
				F61D2BE91EBC95860008400D /* DismissKeyboardTests */,
				F61D2BF41EBC95860008400D /* DismissKeyboardUITests */,
			);
		};
/* End PBXProject section */

/* Begin PBXResourcesBuildPhase section */
		F61D2BD41EBC95850008400D /* Resources */ = {
			isa = PBXResourcesBuildPhase;
			buildActionMask = 2147483647;
			files = (
				F61D2BE41EBC95860008400D /* LaunchScreen.storyboard in Resources */,
				F61D2BE11EBC95860008400D /* Assets.xcassets in Resources */,
				F61D2BDF1EBC95860008400D /* Main.storyboard in Resources */,
			);
			runOnlyForDeploymentPostprocessing = 0;
		};
		F61D2BE81EBC95860008400D /* Resources */ = {
			isa = PBXResourcesBuildPhase;
			buildActionMask = 2147483647;
			files = (
			);
			runOnlyForDeploymentPostprocessing = 0;
		};
		F61D2BF31EBC95860008400D /* Resources */ = {
			isa = PBXResourcesBuildPhase;
			buildActionMask = 2147483647;
			files = (
			);
			runOnlyForDeploymentPostprocessing = 0;
		};
/* End PBXResourcesBuildPhase section */

/* Begin PBXSourcesBuildPhase section */
		F61D2BD21EBC95850008400D /* Sources */ = {
			isa = PBXSourcesBuildPhase;
			buildActionMask = 2147483647;
			files = (
				F61D2BDC1EBC95850008400D /* ViewController.swift in Sources */,
				F61D2BDA1EBC95850008400D /* AppDelegate.swift in Sources */,
			);
			runOnlyForDeploymentPostprocessing = 0;
		};
		F61D2BE61EBC95860008400D /* Sources */ = {
			isa = PBXSourcesBuildPhase;
			buildActionMask = 2147483647;
			files = (
				F61D2BEF1EBC95860008400D /* DismissKeyboardTests.swift in Sources */,
			);
			runOnlyForDeploymentPostprocessing = 0;
		};
		F61D2BF11EBC95860008400D /* Sources */ = {
			isa = PBXSourcesBuildPhase;
			buildActionMask = 2147483647;
			files = (
				F61D2BFA1EBC95860008400D /* DismissKeyboardUITests.swift in Sources */,
			);
			runOnlyForDeploymentPostprocessing = 0;
		};
/* End PBXSourcesBuildPhase section */

/* Begin PBXTargetDependency section */
		F61D2BEC1EBC95860008400D /* PBXTargetDependency */ = {
			isa = PBXTargetDependency;
			target = F61D2BD51EBC95850008400D /* DismissKeyboard */;
			targetProxy = F61D2BEB1EBC95860008400D /* PBXContainerItemProxy */;
		};
		F61D2BF71EBC95860008400D /* PBXTargetDependency */ = {
			isa = PBXTargetDependency;
			target = F61D2BD51EBC95850008400D /* DismissKeyboard */;
			targetProxy = F61D2BF61EBC95860008400D /* PBXContainerItemProxy */;
		};
/* End PBXTargetDependency section */

/* Begin PBXVariantGroup section */
		F61D2BDD1EBC95860008400D /* Main.storyboard */ = {
			isa = PBXVariantGroup;
			children = (
				F61D2BDE1EBC95860008400D /* Base */,
			);
			name = Main.storyboard;
			sourceTree = "<group>";
		};
		F61D2BE21EBC95860008400D /* LaunchScreen.storyboard */ = {
			isa = PBXVariantGroup;
			children = (
				F61D2BE31EBC95860008400D /* Base */,
			);
			name = LaunchScreen.storyboard;
			sourceTree = "<group>";
		};
/* End PBXVariantGroup section */

/* Begin XCBuildConfiguration section */
		F61D2BFC1EBC95860008400D /* Debug */ = {
			isa = XCBuildConfiguration;
			buildSettings = {
				ALWAYS_SEARCH_USER_PATHS = NO;
				CLANG_ANALYZER_NONNULL = YES;
				CLANG_ANALYZER_NUMBER_OBJECT_CONVERSION = YES_AGGRESSIVE;
				CLANG_CXX_LANGUAGE_STANDARD = "gnu++0x";
				CLANG_CXX_LIBRARY = "libc++";
				CLANG_ENABLE_MODULES = YES;
				CLANG_ENABLE_OBJC_ARC = YES;
				CLANG_WARN_BOOL_CONVERSION = YES;
				CLANG_WARN_CONSTANT_CONVERSION = YES;
				CLANG_WARN_DIRECT_OBJC_ISA_USAGE = YES_ERROR;
				CLANG_WARN_DOCUMENTATION_COMMENTS = YES;
				CLANG_WARN_EMPTY_BODY = YES;
				CLANG_WARN_ENUM_CONVERSION = YES;
				CLANG_WARN_INFINITE_RECURSION = YES;
				CLANG_WARN_INT_CONVERSION = YES;
				CLANG_WARN_OBJC_ROOT_CLASS = YES_ERROR;
				CLANG_WARN_SUSPICIOUS_MOVE = YES;
				CLANG_WARN_UNREACHABLE_CODE = YES;
				CLANG_WARN__DUPLICATE_METHOD_MATCH = YES;
				"CODE_SIGN_IDENTITY[sdk=iphoneos*]" = "iPhone Developer";
				COPY_PHASE_STRIP = NO;
				DEBUG_INFORMATION_FORMAT = dwarf;
				ENABLE_STRICT_OBJC_MSGSEND = YES;
				ENABLE_TESTABILITY = YES;
				GCC_C_LANGUAGE_STANDARD = gnu99;
				GCC_DYNAMIC_NO_PIC = NO;
				GCC_NO_COMMON_BLOCKS = YES;
				GCC_OPTIMIZATION_LEVEL = 0;
				GCC_PREPROCESSOR_DEFINITIONS = (
					"DEBUG=1",
					"$(inherited)",
				);
				GCC_WARN_64_TO_32_BIT_CONVERSION = YES;
				GCC_WARN_ABOUT_RETURN_TYPE = YES_ERROR;
				GCC_WARN_UNDECLARED_SELECTOR = YES;
				GCC_WARN_UNINITIALIZED_AUTOS = YES_AGGRESSIVE;
				GCC_WARN_UNUSED_FUNCTION = YES;
				GCC_WARN_UNUSED_VARIABLE = YES;
				IPHONEOS_DEPLOYMENT_TARGET = 10.3;
				MTL_ENABLE_DEBUG_INFO = YES;
				ONLY_ACTIVE_ARCH = YES;
				SDKROOT = iphoneos;
				SWIFT_ACTIVE_COMPILATION_CONDITIONS = DEBUG;
				SWIFT_OPTIMIZATION_LEVEL = "-Onone";
				TARGETED_DEVICE_FAMILY = "1,2";
			};
			name = Debug;
		};
		F61D2BFD1EBC95860008400D /* Release */ = {
			isa = XCBuildConfiguration;
			buildSettings = {
				ALWAYS_SEARCH_USER_PATHS = NO;
				CLANG_ANALYZER_NONNULL = YES;
				CLANG_ANALYZER_NUMBER_OBJECT_CONVERSION = YES_AGGRESSIVE;
				CLANG_CXX_LANGUAGE_STANDARD = "gnu++0x";
				CLANG_CXX_LIBRARY = "libc++";
				CLANG_ENABLE_MODULES = YES;
				CLANG_ENABLE_OBJC_ARC = YES;
				CLANG_WARN_BOOL_CONVERSION = YES;
				CLANG_WARN_CONSTANT_CONVERSION = YES;
				CLANG_WARN_DIRECT_OBJC_ISA_USAGE = YES_ERROR;
				CLANG_WARN_DOCUMENTATION_COMMENTS = YES;
				CLANG_WARN_EMPTY_BODY = YES;
				CLANG_WARN_ENUM_CONVERSION = YES;
				CLANG_WARN_INFINITE_RECURSION = YES;
				CLANG_WARN_INT_CONVERSION = YES;
				CLANG_WARN_OBJC_ROOT_CLASS = YES_ERROR;
				CLANG_WARN_SUSPICIOUS_MOVE = YES;
				CLANG_WARN_UNREACHABLE_CODE = YES;
				CLANG_WARN__DUPLICATE_METHOD_MATCH = YES;
				"CODE_SIGN_IDENTITY[sdk=iphoneos*]" = "iPhone Developer";
				COPY_PHASE_STRIP = NO;
				DEBUG_INFORMATION_FORMAT = "dwarf-with-dsym";
				ENABLE_NS_ASSERTIONS = NO;
				ENABLE_STRICT_OBJC_MSGSEND = YES;
				GCC_C_LANGUAGE_STANDARD = gnu99;
				GCC_NO_COMMON_BLOCKS = YES;
				GCC_WARN_64_TO_32_BIT_CONVERSION = YES;
				GCC_WARN_ABOUT_RETURN_TYPE = YES_ERROR;
				GCC_WARN_UNDECLARED_SELECTOR = YES;
				GCC_WARN_UNINITIALIZED_AUTOS = YES_AGGRESSIVE;
				GCC_WARN_UNUSED_FUNCTION = YES;
				GCC_WARN_UNUSED_VARIABLE = YES;
				IPHONEOS_DEPLOYMENT_TARGET = 10.3;
				MTL_ENABLE_DEBUG_INFO = NO;
				SDKROOT = iphoneos;
				SWIFT_OPTIMIZATION_LEVEL = "-Owholemodule";
				TARGETED_DEVICE_FAMILY = "1,2";
				VALIDATE_PRODUCT = YES;
			};
			name = Release;
		};
		F61D2BFF1EBC95860008400D /* Debug */ = {
			isa = XCBuildConfiguration;
			buildSettings = {
				ASSETCATALOG_COMPILER_APPICON_NAME = AppIcon;
				INFOPLIST_FILE = DismissKeyboard/Info.plist;
				LD_RUNPATH_SEARCH_PATHS = "$(inherited) @executable_path/Frameworks";
				PRODUCT_BUNDLE_IDENTIFIER = Huy.DismissKeyboard;
				PRODUCT_NAME = "$(TARGET_NAME)";
				SWIFT_VERSION = 3.0;
			};
			name = Debug;
		};
		F61D2C001EBC95860008400D /* Release */ = {
			isa = XCBuildConfiguration;
			buildSettings = {
				ASSETCATALOG_COMPILER_APPICON_NAME = AppIcon;
				INFOPLIST_FILE = DismissKeyboard/Info.plist;
				LD_RUNPATH_SEARCH_PATHS = "$(inherited) @executable_path/Frameworks";
				PRODUCT_BUNDLE_IDENTIFIER = Huy.DismissKeyboard;
				PRODUCT_NAME = "$(TARGET_NAME)";
				SWIFT_VERSION = 3.0;
			};
			name = Release;
		};
		F61D2C021EBC95860008400D /* Debug */ = {
			isa = XCBuildConfiguration;
			buildSettings = {
				ALWAYS_EMBED_SWIFT_STANDARD_LIBRARIES = YES;
				BUNDLE_LOADER = "$(TEST_HOST)";
				INFOPLIST_FILE = DismissKeyboardTests/Info.plist;
				LD_RUNPATH_SEARCH_PATHS = "$(inherited) @executable_path/Frameworks @loader_path/Frameworks";
				PRODUCT_BUNDLE_IDENTIFIER = Huy.DismissKeyboardTests;
				PRODUCT_NAME = "$(TARGET_NAME)";
				SWIFT_VERSION = 3.0;
				TEST_HOST = "$(BUILT_PRODUCTS_DIR)/DismissKeyboard.app/DismissKeyboard";
			};
			name = Debug;
		};
		F61D2C031EBC95860008400D /* Release */ = {
			isa = XCBuildConfiguration;
			buildSettings = {
				ALWAYS_EMBED_SWIFT_STANDARD_LIBRARIES = YES;
				BUNDLE_LOADER = "$(TEST_HOST)";
				INFOPLIST_FILE = DismissKeyboardTests/Info.plist;
				LD_RUNPATH_SEARCH_PATHS = "$(inherited) @executable_path/Frameworks @loader_path/Frameworks";
				PRODUCT_BUNDLE_IDENTIFIER = Huy.DismissKeyboardTests;
				PRODUCT_NAME = "$(TARGET_NAME)";
				SWIFT_VERSION = 3.0;
				TEST_HOST = "$(BUILT_PRODUCTS_DIR)/DismissKeyboard.app/DismissKeyboard";
			};
			name = Release;
		};
		F61D2C051EBC95860008400D /* Debug */ = {
			isa = XCBuildConfiguration;
			buildSettings = {
				ALWAYS_EMBED_SWIFT_STANDARD_LIBRARIES = YES;
				INFOPLIST_FILE = DismissKeyboardUITests/Info.plist;
				LD_RUNPATH_SEARCH_PATHS = "$(inherited) @executable_path/Frameworks @loader_path/Frameworks";
				PRODUCT_BUNDLE_IDENTIFIER = Huy.DismissKeyboardUITests;
				PRODUCT_NAME = "$(TARGET_NAME)";
				SWIFT_VERSION = 3.0;
				TEST_TARGET_NAME = DismissKeyboard;
			};
			name = Debug;
		};
		F61D2C061EBC95860008400D /* Release */ = {
			isa = XCBuildConfiguration;
			buildSettings = {
				ALWAYS_EMBED_SWIFT_STANDARD_LIBRARIES = YES;
				INFOPLIST_FILE = DismissKeyboardUITests/Info.plist;
				LD_RUNPATH_SEARCH_PATHS = "$(inherited) @executable_path/Frameworks @loader_path/Frameworks";
				PRODUCT_BUNDLE_IDENTIFIER = Huy.DismissKeyboardUITests;
				PRODUCT_NAME = "$(TARGET_NAME)";
				SWIFT_VERSION = 3.0;
				TEST_TARGET_NAME = DismissKeyboard;
			};
			name = Release;
		};
/* End XCBuildConfiguration section */

/* Begin XCConfigurationList section */
		F61D2BD11EBC95850008400D /* Build configuration list for PBXProject "DismissKeyboard" */ = {
			isa = XCConfigurationList;
			buildConfigurations = (
				F61D2BFC1EBC95860008400D /* Debug */,
				F61D2BFD1EBC95860008400D /* Release */,
			);
			defaultConfigurationIsVisible = 0;
			defaultConfigurationName = Release;
		};
		F61D2BFE1EBC95860008400D /* Build configuration list for PBXNativeTarget "DismissKeyboard" */ = {
			isa = XCConfigurationList;
			buildConfigurations = (
				F61D2BFF1EBC95860008400D /* Debug */,
				F61D2C001EBC95860008400D /* Release */,
			);
			defaultConfigurationIsVisible = 0;
		};
		F61D2C011EBC95860008400D /* Build configuration list for PBXNativeTarget "DismissKeyboardTests" */ = {
			isa = XCConfigurationList;
			buildConfigurations = (
				F61D2C021EBC95860008400D /* Debug */,
				F61D2C031EBC95860008400D /* Release */,
			);
			defaultConfigurationIsVisible = 0;
		};
		F61D2C041EBC95860008400D /* Build configuration list for PBXNativeTarget "DismissKeyboardUITests" */ = {
			isa = XCConfigurationList;
			buildConfigurations = (
				F61D2C051EBC95860008400D /* Debug */,
				F61D2C061EBC95860008400D /* Release */,
			);
			defaultConfigurationIsVisible = 0;
		};
/* End XCConfigurationList section */
	};
	rootObject = F61D2BCE1EBC95850008400D /* Project object */;
}
